
Microsoft Visual Studio Solution File, Format Version 12.00
# Visual Studio Version 17
VisualStudioVersion = 17.7.34024.191
MinimumVisualStudioVersion = 10.0.40219.1
Project("{9A19103F-16F7-4668-BE54-9A1E7A4F7556}") = "Fnv1a", "Fnv1a\Fnv1a.csproj", "{096231AD-D8C9-4EE4-843D-D3123E5FE4ED}"
EndProject
Project("{9A19103F-16F7-4668-BE54-9A1E7A4F7556}") = "Fnv1aTestVectorGenerator", "Fnv1aTestVectorGenerator\Fnv1aTestVectorGenerator.csproj", "{49717984-EDC8-4EFA-AEA5-747AEE9949E6}"
EndProject
Project("{9A19103F-16F7-4668-BE54-9A1E7A4F7556}") = "Fnv1aTests", "Fnv1aTests\Fnv1aTests.csproj", "{2BF71F9A-9F59-4250-8478-654E64977D51}"
EndProject
Project("{2150E333-8FDC-42A3-9474-1A3956D46DE8}") = "Solution Items", "Solution Items", "{F410D813-9026-4CD3-9878-20DC7DB4AB26}"
	ProjectSection(SolutionItems) = preProject
		.editorconfig = .editorconfig
		Directory.Build.props = Directory.Build.props
		README.md = README.md
	EndProjectSection
EndProject
Project("{FAE04EC0-301F-11D3-BF4B-00C04F79EFBC}") = "Fnv1aBenchmarks", "Fnv1aBenchmarks\Fnv1aBenchmarks.csproj", "{9A9B368E-F60C-4F7B-AEAC-DBC1F42FD5BF}"
EndProject
Global
	GlobalSection(SolutionConfigurationPlatforms) = preSolution
		Debug|Any CPU = Debug|Any CPU
		Release|Any CPU = Release|Any CPU
	EndGlobalSection
	GlobalSection(ProjectConfigurationPlatforms) = postSolution
		{096231AD-D8C9-4EE4-843D-D3123E5FE4ED}.Debug|Any CPU.ActiveCfg = Debug|Any CPU
		{096231AD-D8C9-4EE4-843D-D3123E5FE4ED}.Debug|Any CPU.Build.0 = Debug|Any CPU
		{096231AD-D8C9-4EE4-843D-D3123E5FE4ED}.Release|Any CPU.ActiveCfg = Release|Any CPU
		{096231AD-D8C9-4EE4-843D-D3123E5FE4ED}.Release|Any CPU.Build.0 = Release|Any CPU
		{49717984-EDC8-4EFA-AEA5-747AEE9949E6}.Debug|Any CPU.ActiveCfg = Debug|Any CPU
		{49717984-EDC8-4EFA-AEA5-747AEE9949E6}.Debug|Any CPU.Build.0 = Debug|Any CPU
		{49717984-EDC8-4EFA-AEA5-747AEE9949E6}.Release|Any CPU.ActiveCfg = Release|Any CPU
		{49717984-EDC8-4EFA-AEA5-747AEE9949E6}.Release|Any CPU.Build.0 = Release|Any CPU
		{2BF71F9A-9F59-4250-8478-654E64977D51}.Debug|Any CPU.ActiveCfg = Debug|Any CPU
		{2BF71F9A-9F59-4250-8478-654E64977D51}.Debug|Any CPU.Build.0 = Debug|Any CPU
		{2BF71F9A-9F59-4250-8478-654E64977D51}.Release|Any CPU.ActiveCfg = Release|Any CPU
		{2BF71F9A-9F59-4250-8478-654E64977D51}.Release|Any CPU.Build.0 = Release|Any CPU
		{9A9B368E-F60C-4F7B-AEAC-DBC1F42FD5BF}.Debug|Any CPU.ActiveCfg = Debug|Any CPU
		{9A9B368E-F60C-4F7B-AEAC-DBC1F42FD5BF}.Debug|Any CPU.Build.0 = Debug|Any CPU
		{9A9B368E-F60C-4F7B-AEAC-DBC1F42FD5BF}.Release|Any CPU.ActiveCfg = Release|Any CPU
		{9A9B368E-F60C-4F7B-AEAC-DBC1F42FD5BF}.Release|Any CPU.Build.0 = Release|Any CPU
	EndGlobalSection
	GlobalSection(SolutionProperties) = preSolution
		HideSolutionNode = FALSE
	EndGlobalSection
	GlobalSection(ExtensibilityGlobals) = postSolution
		SolutionGuid = {B3C36FEE-96AE-4E54-97D5-F13E613A5A29}
	EndGlobalSection
EndGlobal
